{
  "name": "lupa-demo-drive",
  "lockfileVersion": 3,
  "requires": true,
  "packages": {
    "": {
      "dependencies": {
        "@tanstack/zod-adapter": "^1.166.9",
        "zod": "^3.25.76"
      }
    },
    "node_modules/@tanstack/history": {
      "version": "1.161.6",
      "resolved": "https://registry.npmjs.org/@tanstack/history/-/history-1.161.6.tgz",
      "integrity": "sha512-NaOGLRrddszbQj9upGat6HG/4TKvXLvu+osAIgfxPYA+eIvYKv8GKDJOrY2D3/U9MRnKfMWD7bU4jeD4xmqyIg==",
      "license": "MIT",
      "peer": true,
      "engines": {
        "node": ">=20.19"
      },
      "funding": {
        "type": "github",
        "url": "https://github.com/sponsors/tannerlinsley"
      }
    },
    "node_modules/@tanstack/react-router": {
      "version": "1.169.1",
      "resolved": "https://registry.npmjs.org/@tanstack/react-router/-/react-router-1.169.1.tgz",
      "integrity": "sha512-MBtQKSvac3OCcsSa6oBpDrrN90IV47I6Gtv05NxhbFVh+gVjtqvs6HSU4XM9+y5sHZPgS+35eArflX4vM8GEnQ==",
      "license": "MIT",
      "peer": true,
      "dependencies": {
        "@tanstack/history": "1.161.6",
        "@tanstack/react-store": "^0.9.3",
        "@tanstack/router-core": "1.169.1",
        "isbot": "^5.1.22"
      },
      "engines": {
        "node": ">=20.19"
      },
      "funding": {
        "type": "github",
        "url": "https://github.com/sponsors/tannerlinsley"
      },
      "peerDependencies": {
        "react": ">=18.0.0 || >=19.0.0",
        "react-dom": ">=18.0.0 || >=19.0.0"
      }
    },
    "node_modules/@tanstack/react-store": {
      "version": "0.9.3",
      "resolved": "https://registry.npmjs.org/@tanstack/react-store/-/react-store-0.9.3.tgz",
      "integrity": "sha512-y2iHd/N9OkoQbFJLUX1T9vbc2O9tjH0pQRgTcx1/Nz4IlwLvkgpuglXUx+mXt0g5ZDFrEeDnONPqkbfxXJKwRg==",
      "license": "MIT",
      "peer": true,
      "dependencies": {
        "@tanstack/store": "0.9.3",
        "use-sync-external-store": "^1.6.0"
      },
      "funding": {
        "type": "github",
        "url": "https://github.com/sponsors/tannerlinsley"
      },
      "peerDependencies": {
        "react": "^16.8.0 || ^17.0.0 || ^18.0.0 || ^19.0.0",
        "react-dom": "^16.8.0 || ^17.0.0 || ^18.0.0 || ^19.0.0"
      }
    },
    "node_modules/@tanstack/router-core": {
      "version": "1.169.1",
      "resolved": "https://registry.npmjs.org/@tanstack/router-core/-/router-core-1.169.1.tgz",
      "integrity": "sha512-x+2gIGKTTE1qAn7tLieGfrB5ciOviDmmi2ox9fAWUubRV+yTU5ruGFXocoCIWF+lB+SOtnHjo2E9BLSWyYoEmA==",
      "license": "MIT",
      "peer": true,
      "dependencies": {
        "@tanstack/history": "1.161.6",
        "cookie-es": "^3.0.0",
        "seroval": "^1.5.0",
        "seroval-plugins": "^1.5.0"
      },
      "bin": {
        "intent": "bin/intent.js"
      },
      "engines": {
        "node": ">=20.19"
      },
      "funding": {
        "type": "github",
        "url": "https://github.com/sponsors/tannerlinsley"
      }
    },
    "node_modules/@tanstack/store": {
      "version": "0.9.3",
      "resolved": "https://registry.npmjs.org/@tanstack/store/-/store-0.9.3.tgz",
      "integrity": "sha512-8reSzl/qGWGGVKhBoxXPMWzATSbZLZFWhwBAFO9NAyp0TxzfBP0mIrGb8CP8KrQTmvzXlR/vFPPUrHTLBGyFyw==",
      "license": "MIT",
      "peer": true,
      "funding": {
        "type": "github",
        "url": "https://github.com/sponsors/tannerlinsley"
      }
    },
    "node_modules/@tanstack/zod-adapter": {
      "version": "1.166.9",
      "resolved": "https://registry.npmjs.org/@tanstack/zod-adapter/-/zod-adapter-1.166.9.tgz",
      "integrity": "sha512-HHllQ/CKGi8YBbftv6OmzojtHM6Rk4UszAFICAgUMbwiqtKqjlIZQ/7mv2IPNxBb8YlOQgzyQ4jz2UTEXIi6YA==",
      "license": "MIT",
      "engines": {
        "node": ">=20.19"
      },
      "funding": {
        "type": "github",
        "url": "https://github.com/sponsors/tannerlinsley"
      },
      "peerDependencies": {
        "@tanstack/react-router": ">=1.43.2",
        "zod": "^3.23.8"
      }
    },
    "node_modules/cookie-es": {
      "version": "3.1.1",
      "resolved": "https://registry.npmjs.org/cookie-es/-/cookie-es-3.1.1.tgz",
      "integrity": "sha512-UaXxwISYJPTr9hwQxMFYZ7kNhSXboMXP+Z3TRX6f1/NyaGPfuNUZOWP1pUEb75B2HjfklIYLVRfWiFZJyC6Npg==",
      "license": "MIT",
      "peer": true
    },
    "node_modules/isbot": {
      "version": "5.1.39",
      "resolved": "https://registry.npmjs.org/isbot/-/isbot-5.1.39.tgz",
      "integrity": "sha512-obH0yYahGXdzNxo+djmHhBYThUKDkz565cxkIlt2L9hXfv1NlaLKoDBHo6KxXsYrIXx2RK3x5vY36CfZcobxEw==",
      "license": "Unlicense",
      "peer": true,
      "engines": {
        "node": ">=18"
      }
    },
    "node_modules/react": {
      "version": "19.2.5",
      "resolved": "https://registry.npmjs.org/react/-/react-19.2.5.tgz",
      "integrity": "sha512-llUJLzz1zTUBrskt2pwZgLq59AemifIftw4aB7JxOqf1HY2FDaGDxgwpAPVzHU1kdWabH7FauP4i1oEeer2WCA==",
      "license": "MIT",
      "peer": true,
      "engines": {
        "node": ">=0.10.0"
      }
    },
    "node_modules/react-dom": {
      "version": "19.2.5",
      "resolved": "https://registry.npmjs.org/react-dom/-/react-dom-19.2.5.tgz",
      "integrity": "sha512-J5bAZz+DXMMwW/wV3xzKke59Af6CHY7G4uYLN1OvBcKEsWOs4pQExj86BBKamxl/Ik5bx9whOrvBlSDfWzgSag==",
      "license": "MIT",
      "peer": true,
      "dependencies": {
        "scheduler": "^0.27.0"
      },
      "peerDependencies": {
        "react": "^19.2.5"
      }
    },
    "node_modules/scheduler": {
      "version": "0.27.0",
      "resolved": "https://registry.npmjs.org/scheduler/-/scheduler-0.27.0.tgz",
      "integrity": "sha512-eNv+WrVbKu1f3vbYJT/xtiF5syA5HPIMtf9IgY/nKg0sWqzAUEvqY/xm7OcZc/qafLx/iO9FgOmeSAp4v5ti/Q==",
      "license": "MIT",
      "peer": true
    },
    "node_modules/seroval": {
      "version": "1.5.2",
      "resolved": "https://registry.npmjs.org/seroval/-/seroval-1.5.2.tgz",
      "integrity": "sha512-xcRN39BdsnO9Tf+VzsE7b3JyTJASItIV1FVFewJKCFcW4s4haIKS3e6vj8PGB9qBwC7tnuOywQMdv5N4qkzi7Q==",
      "license": "MIT",
      "peer": true,
      "engines": {
        "node": ">=10"
      }
    },
    "node_modules/seroval-plugins": {
      "version": "1.5.2",
      "resolved": "https://registry.npmjs.org/seroval-plugins/-/seroval-plugins-1.5.2.tgz",
      "integrity": "sha512-qpY0Cl+fKYFn4GOf3cMiq6l72CpuVaawb6ILjubOQ+diJ54LfOWaSSPsaswN8DRPIPW4Yq+tE1k5aKd7ILyaFg==",
      "license": "MIT",
      "peer": true,
      "engines": {
        "node": ">=10"
      },
      "peerDependencies": {
        "seroval": "^1.0"
      }
    },
    "node_modules/use-sync-external-store": {
      "version": "1.6.0",
      "resolved": "https://registry.npmjs.org/use-sync-external-store/-/use-sync-external-store-1.6.0.tgz",
      "integrity": "sha512-Pp6GSwGP/NrPIrxVFAIkOQeyw8lFenOHijQWkUTrDvrF4ALqylP2C/KCkeS9dpUM3KvYRQhna5vt7IL95+ZQ9w==",
      "license": "MIT",
      "peer": true,
      "peerDependencies": {
        "react": "^16.8.0 || ^17.0.0 || ^18.0.0 || ^19.0.0"
      }
    },
    "node_modules/zod": {
      "version": "3.25.76",
      "resolved": "https://registry.npmjs.org/zod/-/zod-3.25.76.tgz",
      "integrity": "sha512-gzUt/qt81nXsFGKIFcC3YnfEAx5NkunCfnDlvuBSSFS02bcXu4Lmea0AFIUwbLWxWPx3d9p8S5QoaujKcNQxcQ==",
      "license": "MIT",
      "funding": {
        "url": "https://github.com/sponsors/colinhacks"
      }
    }
  }
}
